
Microsoft Visual Studio Solution File, Format Version 11.00
# Visual Studio 2010
Project("{FAE04EC0-301F-11D3-BF4B-00C04F79EFBC}") = "HSR_Helper.DomainLibrary.Android", "HSR_Helper.DomainLibrary.Android\HSR_Helper.DomainLibrary.Android.csproj", "{3F741858-52D4-48FA-940A-371E958768F1}"
EndProject
Project("{FAE04EC0-301F-11D3-BF4B-00C04F79EFBC}") = "HSR_Helper.DomainLibrary", "HSR_Helper.DomainLibrary\HSR_Helper.DomainLibrary.csproj", "{3B919C2B-391F-42E3-87CA-3AB67770C6D4}"
EndProject
Project("{FAE04EC0-301F-11D3-BF4B-00C04F79EFBC}") = "HSR_Helper.Android", "HSR_Helper.Android\HSR_Helper.Android.csproj", "{619927C1-79B4-4597-92A8-06AD95848F45}"
EndProject
Project("{FAE04EC0-301F-11D3-BF4B-00C04F79EFBC}") = "HSR_Helper.DomainLibrary.iOS", "HSR_Helper.DomainLibrary.iOS\HSR_Helper.DomainLibrary.iOS.csproj", "{F9BD7B4B-634B-4422-94DD-BDD6E6F15565}"
EndProject
Project("{FAE04EC0-301F-11D3-BF4B-00C04F79EFBC}") = "HSR_Helper.iOS", "HSR_Helper.iOS\HSR_Helper.iOS.csproj", "{35BA284F-EEB8-4650-87F9-88B0C6FF4184}"
EndProject
Project("{FAE04EC0-301F-11D3-BF4B-00C04F79EFBC}") = "WindowsFormsApplication1", "WindowsFormsApplication1\WindowsFormsApplication1.csproj", "{64367CC7-3904-4A4A-95DC-E250EBFF1C0C}"
EndProject
Project("{FAE04EC0-301F-11D3-BF4B-00C04F79EFBC}") = "RestSharp", "RestSharp\RestSharp.csproj", "{2ECECFBF-5F3E-40EE-A963-72336DC7ABE2}"
EndProject
Project("{FAE04EC0-301F-11D3-BF4B-00C04F79EFBC}") = "RestSharp.MonoDroid", "RestSharp.MonoDroid\RestSharp.MonoDroid.csproj", "{1B662C38-984F-4B6A-89B5-AFF7FCBE43A2}"
EndProject
Global
	GlobalSection(SolutionConfigurationPlatforms) = preSolution
		Ad-Hoc|Any CPU = Ad-Hoc|Any CPU
		Ad-Hoc|iPhone = Ad-Hoc|iPhone
		Ad-Hoc|iPhoneSimulator = Ad-Hoc|iPhoneSimulator
		Ad-Hoc|Mixed Platforms = Ad-Hoc|Mixed Platforms
		Ad-Hoc|x86 = Ad-Hoc|x86
		AppStore|Any CPU = AppStore|Any CPU
		AppStore|iPhone = AppStore|iPhone
		AppStore|iPhoneSimulator = AppStore|iPhoneSimulator
		AppStore|Mixed Platforms = AppStore|Mixed Platforms
		AppStore|x86 = AppStore|x86
		Debug|Any CPU = Debug|Any CPU
		Debug|iPhone = Debug|iPhone
		Debug|iPhoneSimulator = Debug|iPhoneSimulator
		Debug|Mixed Platforms = Debug|Mixed Platforms
		Debug|x86 = Debug|x86
		Release|Any CPU = Release|Any CPU
		Release|iPhone = Release|iPhone
		Release|iPhoneSimulator = Release|iPhoneSimulator
		Release|Mixed Platforms = Release|Mixed Platforms
		Release|x86 = Release|x86
	EndGlobalSection
	GlobalSection(ProjectConfigurationPlatforms) = postSolution
		{3F741858-52D4-48FA-940A-371E958768F1}.Ad-Hoc|Any CPU.ActiveCfg = Release|Any CPU
		{3F741858-52D4-48FA-940A-371E958768F1}.Ad-Hoc|iPhone.ActiveCfg = Release|Any CPU
		{3F741858-52D4-48FA-940A-371E958768F1}.Ad-Hoc|iPhoneSimulator.ActiveCfg = Release|Any CPU
		{3F741858-52D4-48FA-940A-371E958768F1}.Ad-Hoc|Mixed Platforms.ActiveCfg = Release|Any CPU
		{3F741858-52D4-48FA-940A-371E958768F1}.Ad-Hoc|Mixed Platforms.Build.0 = Release|Any CPU
		{3F741858-52D4-48FA-940A-371E958768F1}.Ad-Hoc|x86.ActiveCfg = Release|Any CPU
		{3F741858-52D4-48FA-940A-371E958768F1}.AppStore|Any CPU.ActiveCfg = Release|Any CPU
		{3F741858-52D4-48FA-940A-371E958768F1}.AppStore|iPhone.ActiveCfg = Release|Any CPU
		{3F741858-52D4-48FA-940A-371E958768F1}.AppStore|iPhoneSimulator.ActiveCfg = Release|Any CPU
		{3F741858-52D4-48FA-940A-371E958768F1}.AppStore|Mixed Platforms.ActiveCfg = Release|Any CPU
		{3F741858-52D4-48FA-940A-371E958768F1}.AppStore|Mixed Platforms.Build.0 = Release|Any CPU
		{3F741858-52D4-48FA-940A-371E958768F1}.AppStore|x86.ActiveCfg = Release|Any CPU
		{3F741858-52D4-48FA-940A-371E958768F1}.Debug|Any CPU.ActiveCfg = Debug|Any CPU
		{3F741858-52D4-48FA-940A-371E958768F1}.Debug|Any CPU.Build.0 = Debug|Any CPU
		{3F741858-52D4-48FA-940A-371E958768F1}.Debug|iPhone.ActiveCfg = Debug|Any CPU
		{3F741858-52D4-48FA-940A-371E958768F1}.Debug|iPhoneSimulator.ActiveCfg = Debug|Any CPU
		{3F741858-52D4-48FA-940A-371E958768F1}.Debug|Mixed Platforms.ActiveCfg = Debug|Any CPU
		{3F741858-52D4-48FA-940A-371E958768F1}.Debug|Mixed Platforms.Build.0 = Debug|Any CPU
		{3F741858-52D4-48FA-940A-371E958768F1}.Debug|x86.ActiveCfg = Debug|Any CPU
		{3F741858-52D4-48FA-940A-371E958768F1}.Release|Any CPU.ActiveCfg = Release|Any CPU
		{3F741858-52D4-48FA-940A-371E958768F1}.Release|Any CPU.Build.0 = Release|Any CPU
		{3F741858-52D4-48FA-940A-371E958768F1}.Release|iPhone.ActiveCfg = Release|Any CPU
		{3F741858-52D4-48FA-940A-371E958768F1}.Release|iPhoneSimulator.ActiveCfg = Release|Any CPU
		{3F741858-52D4-48FA-940A-371E958768F1}.Release|Mixed Platforms.ActiveCfg = Release|Any CPU
		{3F741858-52D4-48FA-940A-371E958768F1}.Release|Mixed Platforms.Build.0 = Release|Any CPU
		{3F741858-52D4-48FA-940A-371E958768F1}.Release|x86.ActiveCfg = Release|Any CPU
		{3B919C2B-391F-42E3-87CA-3AB67770C6D4}.Ad-Hoc|Any CPU.ActiveCfg = Release|Any CPU
		{3B919C2B-391F-42E3-87CA-3AB67770C6D4}.Ad-Hoc|iPhone.ActiveCfg = Release|Any CPU
		{3B919C2B-391F-42E3-87CA-3AB67770C6D4}.Ad-Hoc|iPhoneSimulator.ActiveCfg = Release|Any CPU
		{3B919C2B-391F-42E3-87CA-3AB67770C6D4}.Ad-Hoc|Mixed Platforms.ActiveCfg = Release|Any CPU
		{3B919C2B-391F-42E3-87CA-3AB67770C6D4}.Ad-Hoc|Mixed Platforms.Build.0 = Release|Any CPU
		{3B919C2B-391F-42E3-87CA-3AB67770C6D4}.Ad-Hoc|x86.ActiveCfg = Release|Any CPU
		{3B919C2B-391F-42E3-87CA-3AB67770C6D4}.AppStore|Any CPU.ActiveCfg = Release|Any CPU
		{3B919C2B-391F-42E3-87CA-3AB67770C6D4}.AppStore|iPhone.ActiveCfg = Release|Any CPU
		{3B919C2B-391F-42E3-87CA-3AB67770C6D4}.AppStore|iPhoneSimulator.ActiveCfg = Release|Any CPU
		{3B919C2B-391F-42E3-87CA-3AB67770C6D4}.AppStore|Mixed Platforms.ActiveCfg = Release|Any CPU
		{3B919C2B-391F-42E3-87CA-3AB67770C6D4}.AppStore|Mixed Platforms.Build.0 = Release|Any CPU
		{3B919C2B-391F-42E3-87CA-3AB67770C6D4}.AppStore|x86.ActiveCfg = Release|Any CPU
		{3B919C2B-391F-42E3-87CA-3AB67770C6D4}.Debug|Any CPU.ActiveCfg = Debug|Any CPU
		{3B919C2B-391F-42E3-87CA-3AB67770C6D4}.Debug|Any CPU.Build.0 = Debug|Any CPU
		{3B919C2B-391F-42E3-87CA-3AB67770C6D4}.Debug|iPhone.ActiveCfg = Debug|Any CPU
		{3B919C2B-391F-42E3-87CA-3AB67770C6D4}.Debug|iPhoneSimulator.ActiveCfg = Debug|Any CPU
		{3B919C2B-391F-42E3-87CA-3AB67770C6D4}.Debug|Mixed Platforms.ActiveCfg = Debug|Any CPU
		{3B919C2B-391F-42E3-87CA-3AB67770C6D4}.Debug|Mixed Platforms.Build.0 = Debug|Any CPU
		{3B919C2B-391F-42E3-87CA-3AB67770C6D4}.Debug|x86.ActiveCfg = Debug|Any CPU
		{3B919C2B-391F-42E3-87CA-3AB67770C6D4}.Release|Any CPU.ActiveCfg = Release|Any CPU
		{3B919C2B-391F-42E3-87CA-3AB67770C6D4}.Release|Any CPU.Build.0 = Release|Any CPU
		{3B919C2B-391F-42E3-87CA-3AB67770C6D4}.Release|iPhone.ActiveCfg = Release|Any CPU
		{3B919C2B-391F-42E3-87CA-3AB67770C6D4}.Release|iPhoneSimulator.ActiveCfg = Release|Any CPU
		{3B919C2B-391F-42E3-87CA-3AB67770C6D4}.Release|Mixed Platforms.ActiveCfg = Release|Any CPU
		{3B919C2B-391F-42E3-87CA-3AB67770C6D4}.Release|Mixed Platforms.Build.0 = Release|Any CPU
		{3B919C2B-391F-42E3-87CA-3AB67770C6D4}.Release|x86.ActiveCfg = Release|Any CPU
		{619927C1-79B4-4597-92A8-06AD95848F45}.Ad-Hoc|Any CPU.ActiveCfg = Release|Any CPU
		{619927C1-79B4-4597-92A8-06AD95848F45}.Ad-Hoc|iPhone.ActiveCfg = Release|Any CPU
		{619927C1-79B4-4597-92A8-06AD95848F45}.Ad-Hoc|iPhoneSimulator.ActiveCfg = Release|Any CPU
		{619927C1-79B4-4597-92A8-06AD95848F45}.Ad-Hoc|Mixed Platforms.ActiveCfg = Release|Any CPU
		{619927C1-79B4-4597-92A8-06AD95848F45}.Ad-Hoc|Mixed Platforms.Build.0 = Release|Any CPU
		{619927C1-79B4-4597-92A8-06AD95848F45}.Ad-Hoc|Mixed Platforms.Deploy.0 = Release|Any CPU
		{619927C1-79B4-4597-92A8-06AD95848F45}.Ad-Hoc|x86.ActiveCfg = Release|Any CPU
		{619927C1-79B4-4597-92A8-06AD95848F45}.AppStore|Any CPU.ActiveCfg = Release|Any CPU
		{619927C1-79B4-4597-92A8-06AD95848F45}.AppStore|iPhone.ActiveCfg = Release|Any CPU
		{619927C1-79B4-4597-92A8-06AD95848F45}.AppStore|iPhoneSimulator.ActiveCfg = Release|Any CPU
		{619927C1-79B4-4597-92A8-06AD95848F45}.AppStore|Mixed Platforms.ActiveCfg = Release|Any CPU
		{619927C1-79B4-4597-92A8-06AD95848F45}.AppStore|Mixed Platforms.Build.0 = Release|Any CPU
		{619927C1-79B4-4597-92A8-06AD95848F45}.AppStore|Mixed Platforms.Deploy.0 = Release|Any CPU
		{619927C1-79B4-4597-92A8-06AD95848F45}.AppStore|x86.ActiveCfg = Release|Any CPU
		{619927C1-79B4-4597-92A8-06AD95848F45}.Debug|Any CPU.ActiveCfg = Debug|Any CPU
		{619927C1-79B4-4597-92A8-06AD95848F45}.Debug|Any CPU.Build.0 = Debug|Any CPU
		{619927C1-79B4-4597-92A8-06AD95848F45}.Debug|Any CPU.Deploy.0 = Debug|Any CPU
		{619927C1-79B4-4597-92A8-06AD95848F45}.Debug|iPhone.ActiveCfg = Debug|Any CPU
		{619927C1-79B4-4597-92A8-06AD95848F45}.Debug|iPhoneSimulator.ActiveCfg = Debug|Any CPU
		{619927C1-79B4-4597-92A8-06AD95848F45}.Debug|Mixed Platforms.ActiveCfg = Debug|Any CPU
		{619927C1-79B4-4597-92A8-06AD95848F45}.Debug|Mixed Platforms.Build.0 = Debug|Any CPU
		{619927C1-79B4-4597-92A8-06AD95848F45}.Debug|Mixed Platforms.Deploy.0 = Debug|Any CPU
		{619927C1-79B4-4597-92A8-06AD95848F45}.Debug|x86.ActiveCfg = Debug|Any CPU
		{619927C1-79B4-4597-92A8-06AD95848F45}.Release|Any CPU.ActiveCfg = Release|Any CPU
		{619927C1-79B4-4597-92A8-06AD95848F45}.Release|Any CPU.Build.0 = Release|Any CPU
		{619927C1-79B4-4597-92A8-06AD95848F45}.Release|Any CPU.Deploy.0 = Release|Any CPU
		{619927C1-79B4-4597-92A8-06AD95848F45}.Release|iPhone.ActiveCfg = Release|Any CPU
		{619927C1-79B4-4597-92A8-06AD95848F45}.Release|iPhoneSimulator.ActiveCfg = Release|Any CPU
		{619927C1-79B4-4597-92A8-06AD95848F45}.Release|Mixed Platforms.ActiveCfg = Release|Any CPU
		{619927C1-79B4-4597-92A8-06AD95848F45}.Release|Mixed Platforms.Build.0 = Release|Any CPU
		{619927C1-79B4-4597-92A8-06AD95848F45}.Release|Mixed Platforms.Deploy.0 = Release|Any CPU
		{619927C1-79B4-4597-92A8-06AD95848F45}.Release|x86.ActiveCfg = Release|Any CPU
		{F9BD7B4B-634B-4422-94DD-BDD6E6F15565}.Ad-Hoc|Any CPU.ActiveCfg = Release|Any CPU
		{F9BD7B4B-634B-4422-94DD-BDD6E6F15565}.Ad-Hoc|iPhone.ActiveCfg = Debug|Any CPU
		{F9BD7B4B-634B-4422-94DD-BDD6E6F15565}.Ad-Hoc|iPhone.Build.0 = Debug|Any CPU
		{F9BD7B4B-634B-4422-94DD-BDD6E6F15565}.Ad-Hoc|iPhoneSimulator.ActiveCfg = Release|Any CPU
		{F9BD7B4B-634B-4422-94DD-BDD6E6F15565}.Ad-Hoc|Mixed Platforms.ActiveCfg = Release|Any CPU
		{F9BD7B4B-634B-4422-94DD-BDD6E6F15565}.Ad-Hoc|Mixed Platforms.Build.0 = Release|Any CPU
		{F9BD7B4B-634B-4422-94DD-BDD6E6F15565}.Ad-Hoc|x86.ActiveCfg = Release|Any CPU
		{F9BD7B4B-634B-4422-94DD-BDD6E6F15565}.AppStore|Any CPU.ActiveCfg = Release|Any CPU
		{F9BD7B4B-634B-4422-94DD-BDD6E6F15565}.AppStore|iPhone.ActiveCfg = Debug|Any CPU
		{F9BD7B4B-634B-4422-94DD-BDD6E6F15565}.AppStore|iPhone.Build.0 = Debug|Any CPU
		{F9BD7B4B-634B-4422-94DD-BDD6E6F15565}.AppStore|iPhoneSimulator.ActiveCfg = Release|Any CPU
		{F9BD7B4B-634B-4422-94DD-BDD6E6F15565}.AppStore|Mixed Platforms.ActiveCfg = Release|Any CPU
		{F9BD7B4B-634B-4422-94DD-BDD6E6F15565}.AppStore|Mixed Platforms.Build.0 = Release|Any CPU
		{F9BD7B4B-634B-4422-94DD-BDD6E6F15565}.AppStore|x86.ActiveCfg = Release|Any CPU
		{F9BD7B4B-634B-4422-94DD-BDD6E6F15565}.Debug|Any CPU.ActiveCfg = Debug|Any CPU
		{F9BD7B4B-634B-4422-94DD-BDD6E6F15565}.Debug|Any CPU.Build.0 = Debug|Any CPU
		{F9BD7B4B-634B-4422-94DD-BDD6E6F15565}.Debug|iPhone.ActiveCfg = Debug|Any CPU
		{F9BD7B4B-634B-4422-94DD-BDD6E6F15565}.Debug|iPhone.Build.0 = Debug|Any CPU
		{F9BD7B4B-634B-4422-94DD-BDD6E6F15565}.Debug|iPhoneSimulator.ActiveCfg = Debug|Any CPU
		{F9BD7B4B-634B-4422-94DD-BDD6E6F15565}.Debug|iPhoneSimulator.Build.0 = Debug|Any CPU
		{F9BD7B4B-634B-4422-94DD-BDD6E6F15565}.Debug|Mixed Platforms.ActiveCfg = Debug|Any CPU
		{F9BD7B4B-634B-4422-94DD-BDD6E6F15565}.Debug|Mixed Platforms.Build.0 = Debug|Any CPU
		{F9BD7B4B-634B-4422-94DD-BDD6E6F15565}.Debug|x86.ActiveCfg = Debug|Any CPU
		{F9BD7B4B-634B-4422-94DD-BDD6E6F15565}.Release|Any CPU.ActiveCfg = Release|Any CPU
		{F9BD7B4B-634B-4422-94DD-BDD6E6F15565}.Release|Any CPU.Build.0 = Release|Any CPU
		{F9BD7B4B-634B-4422-94DD-BDD6E6F15565}.Release|iPhone.ActiveCfg = Release|Any CPU
		{F9BD7B4B-634B-4422-94DD-BDD6E6F15565}.Release|iPhone.Build.0 = Release|Any CPU
		{F9BD7B4B-634B-4422-94DD-BDD6E6F15565}.Release|iPhoneSimulator.ActiveCfg = Release|Any CPU
		{F9BD7B4B-634B-4422-94DD-BDD6E6F15565}.Release|iPhoneSimulator.Build.0 = Release|Any CPU
		{F9BD7B4B-634B-4422-94DD-BDD6E6F15565}.Release|Mixed Platforms.ActiveCfg = Release|Any CPU
		{F9BD7B4B-634B-4422-94DD-BDD6E6F15565}.Release|Mixed Platforms.Build.0 = Release|Any CPU
		{F9BD7B4B-634B-4422-94DD-BDD6E6F15565}.Release|x86.ActiveCfg = Release|Any CPU
		{35BA284F-EEB8-4650-87F9-88B0C6FF4184}.Ad-Hoc|Any CPU.ActiveCfg = Ad-Hoc|iPhone
		{35BA284F-EEB8-4650-87F9-88B0C6FF4184}.Ad-Hoc|Any CPU.Build.0 = Ad-Hoc|iPhone
		{35BA284F-EEB8-4650-87F9-88B0C6FF4184}.Ad-Hoc|iPhone.ActiveCfg = Ad-Hoc|iPhone
		{35BA284F-EEB8-4650-87F9-88B0C6FF4184}.Ad-Hoc|iPhone.Build.0 = Ad-Hoc|iPhone
		{35BA284F-EEB8-4650-87F9-88B0C6FF4184}.Ad-Hoc|iPhoneSimulator.ActiveCfg = Debug|iPhoneSimulator
		{35BA284F-EEB8-4650-87F9-88B0C6FF4184}.Ad-Hoc|iPhoneSimulator.Build.0 = Debug|iPhoneSimulator
		{35BA284F-EEB8-4650-87F9-88B0C6FF4184}.Ad-Hoc|Mixed Platforms.ActiveCfg = Ad-Hoc|iPhone
		{35BA284F-EEB8-4650-87F9-88B0C6FF4184}.Ad-Hoc|Mixed Platforms.Build.0 = Ad-Hoc|iPhone
		{35BA284F-EEB8-4650-87F9-88B0C6FF4184}.Ad-Hoc|x86.ActiveCfg = Ad-Hoc|iPhone
		{35BA284F-EEB8-4650-87F9-88B0C6FF4184}.AppStore|Any CPU.ActiveCfg = AppStore|iPhone
		{35BA284F-EEB8-4650-87F9-88B0C6FF4184}.AppStore|Any CPU.Build.0 = AppStore|iPhone
		{35BA284F-EEB8-4650-87F9-88B0C6FF4184}.AppStore|iPhone.ActiveCfg = AppStore|iPhone
		{35BA284F-EEB8-4650-87F9-88B0C6FF4184}.AppStore|iPhone.Build.0 = AppStore|iPhone
		{35BA284F-EEB8-4650-87F9-88B0C6FF4184}.AppStore|iPhoneSimulator.ActiveCfg = Debug|iPhoneSimulator
		{35BA284F-EEB8-4650-87F9-88B0C6FF4184}.AppStore|iPhoneSimulator.Build.0 = Debug|iPhoneSimulator
		{35BA284F-EEB8-4650-87F9-88B0C6FF4184}.AppStore|Mixed Platforms.ActiveCfg = AppStore|iPhone
		{35BA284F-EEB8-4650-87F9-88B0C6FF4184}.AppStore|Mixed Platforms.Build.0 = AppStore|iPhone
		{35BA284F-EEB8-4650-87F9-88B0C6FF4184}.AppStore|x86.ActiveCfg = AppStore|iPhone
		{35BA284F-EEB8-4650-87F9-88B0C6FF4184}.Debug|Any CPU.ActiveCfg = Debug|iPhoneSimulator
		{35BA284F-EEB8-4650-87F9-88B0C6FF4184}.Debug|Any CPU.Build.0 = Debug|iPhoneSimulator
		{35BA284F-EEB8-4650-87F9-88B0C6FF4184}.Debug|iPhone.ActiveCfg = Debug|iPhone
		{35BA284F-EEB8-4650-87F9-88B0C6FF4184}.Debug|iPhone.Build.0 = Debug|iPhone
		{35BA284F-EEB8-4650-87F9-88B0C6FF4184}.Debug|iPhoneSimulator.ActiveCfg = Debug|iPhoneSimulator
		{35BA284F-EEB8-4650-87F9-88B0C6FF4184}.Debug|iPhoneSimulator.Build.0 = Debug|iPhoneSimulator
		{35BA284F-EEB8-4650-87F9-88B0C6FF4184}.Debug|Mixed Platforms.ActiveCfg = Debug|iPhone
		{35BA284F-EEB8-4650-87F9-88B0C6FF4184}.Debug|Mixed Platforms.Build.0 = Debug|iPhone
		{35BA284F-EEB8-4650-87F9-88B0C6FF4184}.Debug|x86.ActiveCfg = Debug|iPhone
		{35BA284F-EEB8-4650-87F9-88B0C6FF4184}.Release|Any CPU.ActiveCfg = Release|iPhoneSimulator
		{35BA284F-EEB8-4650-87F9-88B0C6FF4184}.Release|Any CPU.Build.0 = Release|iPhoneSimulator
		{35BA284F-EEB8-4650-87F9-88B0C6FF4184}.Release|iPhone.ActiveCfg = Release|iPhone
		{35BA284F-EEB8-4650-87F9-88B0C6FF4184}.Release|iPhone.Build.0 = Release|iPhone
		{35BA284F-EEB8-4650-87F9-88B0C6FF4184}.Release|iPhoneSimulator.ActiveCfg = Release|iPhoneSimulator
		{35BA284F-EEB8-4650-87F9-88B0C6FF4184}.Release|iPhoneSimulator.Build.0 = Release|iPhoneSimulator
		{35BA284F-EEB8-4650-87F9-88B0C6FF4184}.Release|Mixed Platforms.ActiveCfg = Release|iPhone
		{35BA284F-EEB8-4650-87F9-88B0C6FF4184}.Release|Mixed Platforms.Build.0 = Release|iPhone
		{35BA284F-EEB8-4650-87F9-88B0C6FF4184}.Release|x86.ActiveCfg = Release|iPhone
		{64367CC7-3904-4A4A-95DC-E250EBFF1C0C}.Ad-Hoc|Any CPU.ActiveCfg = Release|x86
		{64367CC7-3904-4A4A-95DC-E250EBFF1C0C}.Ad-Hoc|iPhone.ActiveCfg = Release|x86
		{64367CC7-3904-4A4A-95DC-E250EBFF1C0C}.Ad-Hoc|iPhoneSimulator.ActiveCfg = Release|x86
		{64367CC7-3904-4A4A-95DC-E250EBFF1C0C}.Ad-Hoc|Mixed Platforms.ActiveCfg = Release|x86
		{64367CC7-3904-4A4A-95DC-E250EBFF1C0C}.Ad-Hoc|Mixed Platforms.Build.0 = Release|x86
		{64367CC7-3904-4A4A-95DC-E250EBFF1C0C}.Ad-Hoc|x86.ActiveCfg = Release|x86
		{64367CC7-3904-4A4A-95DC-E250EBFF1C0C}.Ad-Hoc|x86.Build.0 = Release|x86
		{64367CC7-3904-4A4A-95DC-E250EBFF1C0C}.AppStore|Any CPU.ActiveCfg = Release|x86
		{64367CC7-3904-4A4A-95DC-E250EBFF1C0C}.AppStore|iPhone.ActiveCfg = Release|x86
		{64367CC7-3904-4A4A-95DC-E250EBFF1C0C}.AppStore|iPhoneSimulator.ActiveCfg = Release|x86
		{64367CC7-3904-4A4A-95DC-E250EBFF1C0C}.AppStore|Mixed Platforms.ActiveCfg = Release|x86
		{64367CC7-3904-4A4A-95DC-E250EBFF1C0C}.AppStore|Mixed Platforms.Build.0 = Release|x86
		{64367CC7-3904-4A4A-95DC-E250EBFF1C0C}.AppStore|x86.ActiveCfg = Release|x86
		{64367CC7-3904-4A4A-95DC-E250EBFF1C0C}.AppStore|x86.Build.0 = Release|x86
		{64367CC7-3904-4A4A-95DC-E250EBFF1C0C}.Debug|Any CPU.ActiveCfg = Debug|x86
		{64367CC7-3904-4A4A-95DC-E250EBFF1C0C}.Debug|iPhone.ActiveCfg = Debug|x86
		{64367CC7-3904-4A4A-95DC-E250EBFF1C0C}.Debug|iPhoneSimulator.ActiveCfg = Debug|x86
		{64367CC7-3904-4A4A-95DC-E250EBFF1C0C}.Debug|Mixed Platforms.ActiveCfg = Debug|x86
		{64367CC7-3904-4A4A-95DC-E250EBFF1C0C}.Debug|Mixed Platforms.Build.0 = Debug|x86
		{64367CC7-3904-4A4A-95DC-E250EBFF1C0C}.Debug|x86.ActiveCfg = Debug|x86
		{64367CC7-3904-4A4A-95DC-E250EBFF1C0C}.Debug|x86.Build.0 = Debug|x86
		{64367CC7-3904-4A4A-95DC-E250EBFF1C0C}.Release|Any CPU.ActiveCfg = Release|x86
		{64367CC7-3904-4A4A-95DC-E250EBFF1C0C}.Release|iPhone.ActiveCfg = Release|x86
		{64367CC7-3904-4A4A-95DC-E250EBFF1C0C}.Release|iPhoneSimulator.ActiveCfg = Release|x86
		{64367CC7-3904-4A4A-95DC-E250EBFF1C0C}.Release|Mixed Platforms.ActiveCfg = Release|x86
		{64367CC7-3904-4A4A-95DC-E250EBFF1C0C}.Release|Mixed Platforms.Build.0 = Release|x86
		{64367CC7-3904-4A4A-95DC-E250EBFF1C0C}.Release|x86.ActiveCfg = Release|x86
		{64367CC7-3904-4A4A-95DC-E250EBFF1C0C}.Release|x86.Build.0 = Release|x86
		{2ECECFBF-5F3E-40EE-A963-72336DC7ABE2}.Ad-Hoc|Any CPU.ActiveCfg = Release|Any CPU
		{2ECECFBF-5F3E-40EE-A963-72336DC7ABE2}.Ad-Hoc|Any CPU.Build.0 = Release|Any CPU
		{2ECECFBF-5F3E-40EE-A963-72336DC7ABE2}.Ad-Hoc|iPhone.ActiveCfg = Release|Any CPU
		{2ECECFBF-5F3E-40EE-A963-72336DC7ABE2}.Ad-Hoc|iPhoneSimulator.ActiveCfg = Release|Any CPU
		{2ECECFBF-5F3E-40EE-A963-72336DC7ABE2}.Ad-Hoc|Mixed Platforms.ActiveCfg = Release|Any CPU
		{2ECECFBF-5F3E-40EE-A963-72336DC7ABE2}.Ad-Hoc|Mixed Platforms.Build.0 = Release|Any CPU
		{2ECECFBF-5F3E-40EE-A963-72336DC7ABE2}.Ad-Hoc|x86.ActiveCfg = Release|Any CPU
		{2ECECFBF-5F3E-40EE-A963-72336DC7ABE2}.AppStore|Any CPU.ActiveCfg = Release|Any CPU
		{2ECECFBF-5F3E-40EE-A963-72336DC7ABE2}.AppStore|Any CPU.Build.0 = Release|Any CPU
		{2ECECFBF-5F3E-40EE-A963-72336DC7ABE2}.AppStore|iPhone.ActiveCfg = Release|Any CPU
		{2ECECFBF-5F3E-40EE-A963-72336DC7ABE2}.AppStore|iPhoneSimulator.ActiveCfg = Release|Any CPU
		{2ECECFBF-5F3E-40EE-A963-72336DC7ABE2}.AppStore|Mixed Platforms.ActiveCfg = Release|Any CPU
		{2ECECFBF-5F3E-40EE-A963-72336DC7ABE2}.AppStore|Mixed Platforms.Build.0 = Release|Any CPU
		{2ECECFBF-5F3E-40EE-A963-72336DC7ABE2}.AppStore|x86.ActiveCfg = Release|Any CPU
		{2ECECFBF-5F3E-40EE-A963-72336DC7ABE2}.Debug|Any CPU.ActiveCfg = Debug|Any CPU
		{2ECECFBF-5F3E-40EE-A963-72336DC7ABE2}.Debug|Any CPU.Build.0 = Debug|Any CPU
		{2ECECFBF-5F3E-40EE-A963-72336DC7ABE2}.Debug|iPhone.ActiveCfg = Debug|Any CPU
		{2ECECFBF-5F3E-40EE-A963-72336DC7ABE2}.Debug|iPhoneSimulator.ActiveCfg = Debug|Any CPU
		{2ECECFBF-5F3E-40EE-A963-72336DC7ABE2}.Debug|Mixed Platforms.ActiveCfg = Debug|Any CPU
		{2ECECFBF-5F3E-40EE-A963-72336DC7ABE2}.Debug|Mixed Platforms.Build.0 = Debug|Any CPU
		{2ECECFBF-5F3E-40EE-A963-72336DC7ABE2}.Debug|x86.ActiveCfg = Debug|Any CPU
		{2ECECFBF-5F3E-40EE-A963-72336DC7ABE2}.Release|Any CPU.ActiveCfg = Release|Any CPU
		{2ECECFBF-5F3E-40EE-A963-72336DC7ABE2}.Release|Any CPU.Build.0 = Release|Any CPU
		{2ECECFBF-5F3E-40EE-A963-72336DC7ABE2}.Release|iPhone.ActiveCfg = Release|Any CPU
		{2ECECFBF-5F3E-40EE-A963-72336DC7ABE2}.Release|iPhoneSimulator.ActiveCfg = Release|Any CPU
		{2ECECFBF-5F3E-40EE-A963-72336DC7ABE2}.Release|Mixed Platforms.ActiveCfg = Release|Any CPU
		{2ECECFBF-5F3E-40EE-A963-72336DC7ABE2}.Release|Mixed Platforms.Build.0 = Release|Any CPU
		{2ECECFBF-5F3E-40EE-A963-72336DC7ABE2}.Release|x86.ActiveCfg = Release|Any CPU
		{1B662C38-984F-4B6A-89B5-AFF7FCBE43A2}.Ad-Hoc|Any CPU.ActiveCfg = Release|Any CPU
		{1B662C38-984F-4B6A-89B5-AFF7FCBE43A2}.Ad-Hoc|Any CPU.Build.0 = Release|Any CPU
		{1B662C38-984F-4B6A-89B5-AFF7FCBE43A2}.Ad-Hoc|iPhone.ActiveCfg = Release|Any CPU
		{1B662C38-984F-4B6A-89B5-AFF7FCBE43A2}.Ad-Hoc|iPhoneSimulator.ActiveCfg = Release|Any CPU
		{1B662C38-984F-4B6A-89B5-AFF7FCBE43A2}.Ad-Hoc|Mixed Platforms.ActiveCfg = Release|Any CPU
		{1B662C38-984F-4B6A-89B5-AFF7FCBE43A2}.Ad-Hoc|Mixed Platforms.Build.0 = Release|Any CPU
		{1B662C38-984F-4B6A-89B5-AFF7FCBE43A2}.Ad-Hoc|x86.ActiveCfg = Release|Any CPU
		{1B662C38-984F-4B6A-89B5-AFF7FCBE43A2}.AppStore|Any CPU.ActiveCfg = Release|Any CPU
		{1B662C38-984F-4B6A-89B5-AFF7FCBE43A2}.AppStore|Any CPU.Build.0 = Release|Any CPU
		{1B662C38-984F-4B6A-89B5-AFF7FCBE43A2}.AppStore|iPhone.ActiveCfg = Release|Any CPU
		{1B662C38-984F-4B6A-89B5-AFF7FCBE43A2}.AppStore|iPhoneSimulator.ActiveCfg = Release|Any CPU
		{1B662C38-984F-4B6A-89B5-AFF7FCBE43A2}.AppStore|Mixed Platforms.ActiveCfg = Release|Any CPU
		{1B662C38-984F-4B6A-89B5-AFF7FCBE43A2}.AppStore|Mixed Platforms.Build.0 = Release|Any CPU
		{1B662C38-984F-4B6A-89B5-AFF7FCBE43A2}.AppStore|x86.ActiveCfg = Release|Any CPU
		{1B662C38-984F-4B6A-89B5-AFF7FCBE43A2}.Debug|Any CPU.ActiveCfg = Debug|Any CPU
		{1B662C38-984F-4B6A-89B5-AFF7FCBE43A2}.Debug|Any CPU.Build.0 = Debug|Any CPU
		{1B662C38-984F-4B6A-89B5-AFF7FCBE43A2}.Debug|iPhone.ActiveCfg = Debug|Any CPU
		{1B662C38-984F-4B6A-89B5-AFF7FCBE43A2}.Debug|iPhoneSimulator.ActiveCfg = Debug|Any CPU
		{1B662C38-984F-4B6A-89B5-AFF7FCBE43A2}.Debug|Mixed Platforms.ActiveCfg = Debug|Any CPU
		{1B662C38-984F-4B6A-89B5-AFF7FCBE43A2}.Debug|Mixed Platforms.Build.0 = Debug|Any CPU
		{1B662C38-984F-4B6A-89B5-AFF7FCBE43A2}.Debug|x86.ActiveCfg = Debug|Any CPU
		{1B662C38-984F-4B6A-89B5-AFF7FCBE43A2}.Release|Any CPU.ActiveCfg = Release|Any CPU
		{1B662C38-984F-4B6A-89B5-AFF7FCBE43A2}.Release|Any CPU.Build.0 = Release|Any CPU
		{1B662C38-984F-4B6A-89B5-AFF7FCBE43A2}.Release|iPhone.ActiveCfg = Release|Any CPU
		{1B662C38-984F-4B6A-89B5-AFF7FCBE43A2}.Release|iPhoneSimulator.ActiveCfg = Release|Any CPU
		{1B662C38-984F-4B6A-89B5-AFF7FCBE43A2}.Release|Mixed Platforms.ActiveCfg = Release|Any CPU
		{1B662C38-984F-4B6A-89B5-AFF7FCBE43A2}.Release|Mixed Platforms.Build.0 = Release|Any CPU
		{1B662C38-984F-4B6A-89B5-AFF7FCBE43A2}.Release|x86.ActiveCfg = Release|Any CPU
	EndGlobalSection
	GlobalSection(SolutionProperties) = preSolution
		HideSolutionNode = FALSE
	EndGlobalSection
	GlobalSection(MonoDevelopProperties) = preSolution
		StartupItem = HSR_Helper.iOS\HSR_Helper.iOS.csproj
	EndGlobalSection
EndGlobal
